
Microsoft Visual Studio Solution File, Format Version 12.00
# Visual Studio Version 17
VisualStudioVersion = 17.2.32630.192
MinimumVisualStudioVersion = 10.0.40219.1
Project("{FAE04EC0-301F-11D3-BF4B-00C04F79EFBC}") = "AdventureRPG", "AdventureRPG.csproj", "{A01255DA-77A8-4595-839D-6E385EC95D77}"
EndProject
Project("{FAE04EC0-301F-11D3-BF4B-00C04F79EFBC}") = "Engine", "..\Engine\Engine.csproj", "{6B780C6E-8E06-47DC-83E0-758C6A365574}"
EndProject
Global
	GlobalSection(SolutionConfigurationPlatforms) = preSolution
		Debug|Any CPU = Debug|Any CPU
		Release|Any CPU = Release|Any CPU
	EndGlobalSection
	GlobalSection(ProjectConfigurationPlatforms) = postSolution
		{A01255DA-77A8-4595-839D-6E385EC95D77}.Debug|Any CPU.ActiveCfg = Debug|Any CPU
		{A01255DA-77A8-4595-839D-6E385EC95D77}.Debug|Any CPU.Build.0 = Debug|Any CPU
		{A01255DA-77A8-4595-839D-6E385EC95D77}.Release|Any CPU.ActiveCfg = Release|Any CPU
		{A01255DA-77A8-4595-839D-6E385EC95D77}.Release|Any CPU.Build.0 = Release|Any CPU
		{6B780C6E-8E06-47DC-83E0-758C6A365574}.Debug|Any CPU.ActiveCfg = Debug|Any CPU
		{6B780C6E-8E06-47DC-83E0-758C6A365574}.Debug|Any CPU.Build.0 = Debug|Any CPU
		{6B780C6E-8E06-47DC-83E0-758C6A365574}.Release|Any CPU.ActiveCfg = Release|Any CPU
		{6B780C6E-8E06-47DC-83E0-758C6A365574}.Release|Any CPU.Build.0 = Release|Any CPU
	EndGlobalSection
	GlobalSection(SolutionProperties) = preSolution
		HideSolutionNode = FALSE
	EndGlobalSection
	GlobalSection(ExtensibilityGlobals) = postSolution
		SolutionGuid = {78C3BF5E-B410-4519-9056-93658DAD7F1B}
	EndGlobalSection
EndGlobal
